
Microsoft Visual Studio Solution File, Format Version 12.00
# Visual Studio 15
VisualStudioVersion = 15.0.28307.645
MinimumVisualStudioVersion = 10.0.40219.1
Project("{FAE04EC0-301F-11D3-BF4B-00C04F79EFBC}") = "KinoModel", "KinoModel\KinoModel.csproj", "{C64436B9-A965-4A74-93F1-CC1BF28AF252}"
EndProject
Global
	GlobalSection(SolutionConfigurationPlatforms) = preSolution
		Debug|Any CPU = Debug|Any CPU
		Release|Any CPU = Release|Any CPU
	EndGlobalSection
	GlobalSection(ProjectConfigurationPlatforms) = postSolution
		{C64436B9-A965-4A74-93F1-CC1BF28AF252}.Debug|Any CPU.ActiveCfg = Debug|Any CPU
		{C64436B9-A965-4A74-93F1-CC1BF28AF252}.Debug|Any CPU.Build.0 = Debug|Any CPU
		{C64436B9-A965-4A74-93F1-CC1BF28AF252}.Release|Any CPU.ActiveCfg = Release|Any CPU
		{C64436B9-A965-4A74-93F1-CC1BF28AF252}.Release|Any CPU.Build.0 = Release|Any CPU
	EndGlobalSection
	GlobalSection(SolutionProperties) = preSolution
		HideSolutionNode = FALSE
	EndGlobalSection
	GlobalSection(ExtensibilityGlobals) = postSolution
		SolutionGuid = {A899D29A-BF9E-4EB5-8FBF-A686E21E4B68}
	EndGlobalSection
EndGlobal
